
Microsoft Visual Studio Solution File, Format Version 12.00
# Visual Studio Version 17
VisualStudioVersion = 17.2.32526.322
MinimumVisualStudioVersion = 10.0.40219.1
Project("{FAE04EC0-301F-11D3-BF4B-00C04F79EFBC}") = "GitTesting", "GitTesting\GitTesting.csproj", "{79AE8336-C064-4D05-9748-4A2606C608E3}"
EndProject
Global
	GlobalSection(SolutionConfigurationPlatforms) = preSolution
		Debug|Any CPU = Debug|Any CPU
		Release|Any CPU = Release|Any CPU
	EndGlobalSection
	GlobalSection(ProjectConfigurationPlatforms) = postSolution
		{79AE8336-C064-4D05-9748-4A2606C608E3}.Debug|Any CPU.ActiveCfg = Debug|Any CPU
		{79AE8336-C064-4D05-9748-4A2606C608E3}.Debug|Any CPU.Build.0 = Debug|Any CPU
		{79AE8336-C064-4D05-9748-4A2606C608E3}.Release|Any CPU.ActiveCfg = Release|Any CPU
		{79AE8336-C064-4D05-9748-4A2606C608E3}.Release|Any CPU.Build.0 = Release|Any CPU
	EndGlobalSection
	GlobalSection(SolutionProperties) = preSolution
		HideSolutionNode = FALSE
	EndGlobalSection
	GlobalSection(ExtensibilityGlobals) = postSolution
		SolutionGuid = {BFA5D133-26DD-4E08-90E7-8085090135B1}
	EndGlobalSection
EndGlobal
